
Microsoft Visual Studio Solution File, Format Version 12.00
# Visual Studio Version 17
VisualStudioVersion = 17.4.33213.308
MinimumVisualStudioVersion = 10.0.40219.1
Project("{FAE04EC0-301F-11D3-BF4B-00C04F79EFBC}") = "UrlShortener.API", "UrlShortener.API\UrlShortener.API.csproj", "{F5A5B868-EE67-4BDF-B36F-719608C02317}"
EndProject
Project("{9A19103F-16F7-4668-BE54-9A1E7A4F7556}") = "UrlShortener.DLL", "UrlShortener.DLL\UrlShortener.DLL.csproj", "{92ECD152-3B43-4010-95AB-BFE867E94FD1}"
EndProject
Project("{9A19103F-16F7-4668-BE54-9A1E7A4F7556}") = "UrlShortener.BLL", "UrlShortener.Domain\UrlShortener.BLL.csproj", "{8CD196FA-8884-44C4-9BD0-8BB2C930018D}"
EndProject
Project("{FAE04EC0-301F-11D3-BF4B-00C04F79EFBC}") = "UrlShortener.Tests", "UrlShortener.Tests\UrlShortener.Tests.csproj", "{17DC97E1-6F98-4596-986E-03395C5EEC20}"
EndProject
Global
	GlobalSection(SolutionConfigurationPlatforms) = preSolution
		Debug|Any CPU = Debug|Any CPU
		Release|Any CPU = Release|Any CPU
	EndGlobalSection
	GlobalSection(ProjectConfigurationPlatforms) = postSolution
		{F5A5B868-EE67-4BDF-B36F-719608C02317}.Debug|Any CPU.ActiveCfg = Debug|Any CPU
		{F5A5B868-EE67-4BDF-B36F-719608C02317}.Debug|Any CPU.Build.0 = Debug|Any CPU
		{F5A5B868-EE67-4BDF-B36F-719608C02317}.Release|Any CPU.ActiveCfg = Release|Any CPU
		{F5A5B868-EE67-4BDF-B36F-719608C02317}.Release|Any CPU.Build.0 = Release|Any CPU
		{92ECD152-3B43-4010-95AB-BFE867E94FD1}.Debug|Any CPU.ActiveCfg = Debug|Any CPU
		{92ECD152-3B43-4010-95AB-BFE867E94FD1}.Debug|Any CPU.Build.0 = Debug|Any CPU
		{92ECD152-3B43-4010-95AB-BFE867E94FD1}.Release|Any CPU.ActiveCfg = Release|Any CPU
		{92ECD152-3B43-4010-95AB-BFE867E94FD1}.Release|Any CPU.Build.0 = Release|Any CPU
		{8CD196FA-8884-44C4-9BD0-8BB2C930018D}.Debug|Any CPU.ActiveCfg = Debug|Any CPU
		{8CD196FA-8884-44C4-9BD0-8BB2C930018D}.Debug|Any CPU.Build.0 = Debug|Any CPU
		{8CD196FA-8884-44C4-9BD0-8BB2C930018D}.Release|Any CPU.ActiveCfg = Release|Any CPU
		{8CD196FA-8884-44C4-9BD0-8BB2C930018D}.Release|Any CPU.Build.0 = Release|Any CPU
		{17DC97E1-6F98-4596-986E-03395C5EEC20}.Debug|Any CPU.ActiveCfg = Debug|Any CPU
		{17DC97E1-6F98-4596-986E-03395C5EEC20}.Debug|Any CPU.Build.0 = Debug|Any CPU
		{17DC97E1-6F98-4596-986E-03395C5EEC20}.Release|Any CPU.ActiveCfg = Release|Any CPU
		{17DC97E1-6F98-4596-986E-03395C5EEC20}.Release|Any CPU.Build.0 = Release|Any CPU
	EndGlobalSection
	GlobalSection(SolutionProperties) = preSolution
		HideSolutionNode = FALSE
	EndGlobalSection
	GlobalSection(ExtensibilityGlobals) = postSolution
		SolutionGuid = {8E4FFD1E-612F-43D3-A1E3-8C543D962162}
	EndGlobalSection
EndGlobal
